lockfileVersion: '6.0'

settings:
  autoInstallPeers: true
  excludeLinksFromLockfile: false

dependencies:
  '@chainsafe/libp2p-noise':
    specifier: ~15.0.0
    version: 15.0.0
  '@chainsafe/libp2p-yamux':
    specifier: ~6.0.2
    version: 6.0.2
  '@libp2p/circuit-relay-v2':
    specifier: ~1.0.15
    version: 1.0.15
  '@libp2p/identify':
    specifier: ~1.0.14
    version: 1.0.14
  '@libp2p/websockets':
    specifier: ~8.0.15
    version: 8.0.15
  libp2p:
    specifier: ~1.2.3
    version: 1.2.3

packages:

  /@chainsafe/as-chacha20poly1305@0.1.0:
    resolution: {integrity: sha512-BpNcL8/lji/GM3+vZ/bgRWqJ1q5kwvTFmGPk7pxm/QQZDbaMI98waOHjEymTjq2JmdD/INdNBFOVSyJofXg7ew==}
    dev: false

  /@chainsafe/as-sha256@0.4.1:
    resolution: {integrity: sha512-IqeeGwQihK6Y2EYLFofqs2eY2ep1I2MvQXHzOAI+5iQN51OZlUkrLgyAugu2x86xZewDk5xas7lNczkzFzF62w==}
    dev: false

  /@chainsafe/is-ip@2.0.2:
    resolution: {integrity: sha512-ndGqEMG1W5WkGagaqOZHpPU172AGdxr+LD15sv3WIUvT5oCFUrG1Y0CW/v2Egwj4JXEvSibaIIIqImsm98y1nA==}
    dev: false

  /@chainsafe/libp2p-noise@15.0.0:
    resolution: {integrity: sha512-O8Y/WVU4J/qrnG72jwVhbmdXiBzv1dT9B3PMClCRmZ9z/5vVPEGRVXE/SVYeGF3bNuBTLoh+F+GaKG/9UHlMhg==}
    engines: {node: '>=16.0.0', npm: '>=7.0.0'}
    dependencies:
      '@chainsafe/as-chacha20poly1305': 0.1.0
      '@chainsafe/as-sha256': 0.4.1
      '@libp2p/crypto': 4.0.2
      '@libp2p/interface': 1.1.3
      '@libp2p/peer-id': 4.0.6
      '@noble/ciphers': 0.4.1
      '@noble/curves': 1.3.0
      '@noble/hashes': 1.3.3
      it-length-prefixed: 9.0.4
      it-length-prefixed-stream: 1.1.6
      it-pair: 2.0.6
      it-pipe: 3.0.1
      it-stream-types: 2.0.1
      protons-runtime: 5.4.0
      uint8arraylist: 2.4.8
      uint8arrays: 5.0.2
      wherearewe: 2.0.1
    transitivePeerDependencies:
      - supports-color
    dev: false

  /@chainsafe/libp2p-yamux@6.0.2:
    resolution: {integrity: sha512-S5OkLHqYhEVMQQ4BTgnRANEIbGTQhaC23glCgBwGdeoTRtMpIozwDiPfljFLCm0RYWdCRJw9oFztO95KUHjptA==}
    dependencies:
      '@libp2p/interface': 1.1.3
      '@libp2p/utils': 5.2.5
      get-iterator: 2.0.1
      it-foreach: 2.0.6
      it-pipe: 3.0.1
      it-pushable: 3.2.3
      uint8arraylist: 2.4.8
    transitivePeerDependencies:
      - supports-color
    dev: false

  /@chainsafe/netmask@2.0.0:
    resolution: {integrity: sha512-I3Z+6SWUoaljh3TBzCnCxjlUyN8tA+NAk5L6m9IxvCf1BENQTePzPMis97CoN/iMW1St3WN+AWCCRp+TTBRiDg==}
    dependencies:
      '@chainsafe/is-ip': 2.0.2
    dev: false

  /@libp2p/circuit-relay-v2@1.0.15:
    resolution: {integrity: sha512-sOWIfiR4GWDDECCalyTZBc0qkSy1cQnM1B78eXNRVEq10EGEZ4/5qd0/Y3gWwrjGHWdMdq/4A+gHczzxa0kLVA==}
    dependencies:
      '@libp2p/interface': 1.1.3
      '@libp2p/interface-internal': 1.0.8
      '@libp2p/peer-collections': 5.1.6
      '@libp2p/peer-id': 4.0.6
      '@libp2p/peer-record': 7.0.9
      '@libp2p/utils': 5.2.5
      '@multiformats/mafmt': 12.1.6
      '@multiformats/multiaddr': 12.1.14
      any-signal: 4.1.1
      it-protobuf-stream: 1.1.2
      it-stream-types: 2.0.1
      multiformats: 13.1.0
      p-defer: 4.0.0
      p-retry: 6.2.0
      protons-runtime: 5.4.0
      uint8arraylist: 2.4.8
      uint8arrays: 5.0.2
    transitivePeerDependencies:
      - supports-color
    dev: false

  /@libp2p/crypto@4.0.2:
    resolution: {integrity: sha512-zdFnnP2dA3X/xqRyJus+5rgCrp7JHFh+C8hA+DckXqp+ayiRMyLnKKPXmSzTKJSsIABMW2pcUFU+yCeDSgiSQQ==}
    dependencies:
      '@libp2p/interface': 1.1.3
      '@noble/curves': 1.3.0
      '@noble/hashes': 1.3.3
      asn1js: 3.0.5
      multiformats: 13.1.0
      protons-runtime: 5.4.0
      uint8arraylist: 2.4.8
      uint8arrays: 5.0.2
    transitivePeerDependencies:
      - supports-color
    dev: false

  /@libp2p/identify@1.0.14:
    resolution: {integrity: sha512-615aa4TPtzxUNb24yzxyFdu5/x+3Ge2BD/Ob4RN1PnT+haFQqgbcT2RJfqbyvuo7gzxVEGamqh5uYaChqAQ4IA==}
    dependencies:
      '@libp2p/interface': 1.1.3
      '@libp2p/interface-internal': 1.0.8
      '@libp2p/peer-id': 4.0.6
      '@libp2p/peer-record': 7.0.9
      '@multiformats/multiaddr': 12.1.14
      '@multiformats/multiaddr-matcher': 1.1.2
      it-protobuf-stream: 1.1.2
      protons-runtime: 5.4.0
      uint8arraylist: 2.4.8
      uint8arrays: 5.0.2
      wherearewe: 2.0.1
    transitivePeerDependencies:
      - supports-color
    dev: false

  /@libp2p/interface-internal@1.0.8:
    resolution: {integrity: sha512-NkUBnqzAAWDcg9n4uUtEpbtHg0gZjLhdBTwqJWkWuTujaCEz0xk5FfXBXgWqGEMIZAN73VX8/hLQCeigk3gUlg==}
    dependencies:
      '@libp2p/interface': 1.1.3
      '@libp2p/peer-collections': 5.1.6
      '@multiformats/multiaddr': 12.1.14
      uint8arraylist: 2.4.8
    transitivePeerDependencies:
      - supports-color
    dev: false

  /@libp2p/interface@1.1.3:
    resolution: {integrity: sha512-id22Ve5acg6CM0jjL8s9cyEaBYWn7z1R+1gy75RpHi0qgW15ifozwi0oFSTGLVA5XzRnNzioDLj+ZP6QwvhIVQ==}
    dependencies:
      '@multiformats/multiaddr': 12.1.14
      it-pushable: 3.2.3
      it-stream-types: 2.0.1
      multiformats: 13.1.0
      progress-events: 1.0.0
      uint8arraylist: 2.4.8
    transitivePeerDependencies:
      - supports-color
    dev: false

  /@libp2p/logger@4.0.6:
    resolution: {integrity: sha512-ofTE3kDivBJnUSoX68nOeg1EuAnIE8oUjUnQnuKrxH+nh0JtjTcvwwIzjmm4nApwb4xj2dgPSDvU38Mjmu3TvA==}
    dependencies:
      '@libp2p/interface': 1.1.3
      '@multiformats/multiaddr': 12.1.14
      debug: 4.3.4
      interface-datastore: 8.2.11
      multiformats: 13.1.0
    transitivePeerDependencies:
      - supports-color
    dev: false

  /@libp2p/multistream-select@5.1.3:
    resolution: {integrity: sha512-vKD4FESYBHxLIL0gQ+WtUktsT3SrUBj2GFOESbexj98cTXquKcQUM6XTMrLRS8wWf77czZKpuKwwMxE+VsU2kw==}
    dependencies:
      '@libp2p/interface': 1.1.3
      it-length-prefixed: 9.0.4
      it-length-prefixed-stream: 1.1.6
      it-stream-types: 2.0.1
      p-defer: 4.0.0
      race-signal: 1.0.2
      uint8-varint: 2.0.4
      uint8arraylist: 2.4.8
      uint8arrays: 5.0.2
    dev: false

  /@libp2p/peer-collections@5.1.6:
    resolution: {integrity: sha512-n2Oav1GehdEToeALvSytuYw2wiwzMvbOUxyAFUfF6oqmZgNe9P8cOkyr0w2P0p0hXjdcIeIfDYeTvY4MeHZnjw==}
    dependencies:
      '@libp2p/interface': 1.1.3
      '@libp2p/peer-id': 4.0.6
    dev: false

  /@libp2p/peer-id-factory@4.0.6:
    resolution: {integrity: sha512-dj5gdPvh3p4n4ltvZF508LA2hvC5COKP6BVFzcUBUy1yp81srSkX6QuV69W61pYfe5VxhVvyjhVkHIZ2l7wB7Q==}
    dependencies:
      '@libp2p/crypto': 4.0.2
      '@libp2p/interface': 1.1.3
      '@libp2p/peer-id': 4.0.6
      protons-runtime: 5.4.0
      uint8arraylist: 2.4.8
      uint8arrays: 5.0.2
    transitivePeerDependencies:
      - supports-color
    dev: false

  /@libp2p/peer-id@4.0.6:
    resolution: {integrity: sha512-hAj2bdN+s/cCkiaLthuL412DqLeYZ83yRmbjZfHHJ8d3sV/M7NAxu2v8Zx+3KurFF8ICMoD7bb34IXHo7FH3kw==}
    dependencies:
      '@libp2p/interface': 1.1.3
      multiformats: 13.1.0
      uint8arrays: 5.0.2
    dev: false

  /@libp2p/peer-record@7.0.9:
    resolution: {integrity: sha512-uI5kE8K6/CWamxV9NK1p7mdYoWIf1AP+eWWZd+1opa/R7zT/QYmtAc/wWE7uFhfRsB736u9GkiPwU66LzA0reQ==}
    dependencies:
      '@libp2p/crypto': 4.0.2
      '@libp2p/interface': 1.1.3
      '@libp2p/peer-id': 4.0.6
      '@libp2p/utils': 5.2.5
      '@multiformats/multiaddr': 12.1.14
      protons-runtime: 5.4.0
      uint8-varint: 2.0.4
      uint8arraylist: 2.4.8
      uint8arrays: 5.0.2
    transitivePeerDependencies:
      - supports-color
    dev: false

  /@libp2p/peer-store@10.0.10:
    resolution: {integrity: sha512-b5SUUtioxJMWaBPU2/UfS76q1DXkDmTkpTBogiKc5BTM6g5AqIA4wQXeiLB5EopxEUnSYSyeFxwdoeVDBkz19g==}
    dependencies:
      '@libp2p/interface': 1.1.3
      '@libp2p/peer-collections': 5.1.6
      '@libp2p/peer-id': 4.0.6
      '@libp2p/peer-record': 7.0.9
      '@multiformats/multiaddr': 12.1.14
      interface-datastore: 8.2.11
      it-all: 3.0.4
      mortice: 3.0.4
      multiformats: 13.1.0
      protons-runtime: 5.4.0
      uint8arraylist: 2.4.8
      uint8arrays: 5.0.2
    transitivePeerDependencies:
      - supports-color
    dev: false

  /@libp2p/utils@5.2.5:
    resolution: {integrity: sha512-oMUrBvEFGD/74I3W3AhpV3pLx8CeEhxCpoJ9a0BTetoJ+TbU5DxxcWJGvhoq3RfQiUvZtg0IwJWNaiJ6lB2sdA==}
    dependencies:
      '@chainsafe/is-ip': 2.0.2
      '@libp2p/interface': 1.1.3
      '@libp2p/logger': 4.0.6
      '@multiformats/multiaddr': 12.1.14
      '@multiformats/multiaddr-matcher': 1.1.2
      delay: 6.0.0
      get-iterator: 2.0.1
      is-loopback-addr: 2.0.2
      it-pushable: 3.2.3
      it-stream-types: 2.0.1
      netmask: 2.0.2
      p-defer: 4.0.0
      race-event: 1.2.0
      race-signal: 1.0.2
      uint8arraylist: 2.4.8
    transitivePeerDependencies:
      - supports-color
    dev: false

  /@libp2p/websockets@8.0.15:
    resolution: {integrity: sha512-TNhMrhdf+/sUam8SxpmUcoNxXlwq2F6YipdwBYo54HioFS1XIrR7VRqrhJot+Xz20JXV+k3IFMmBrg1Y/8vvBg==}
    dependencies:
      '@libp2p/interface': 1.1.3
      '@libp2p/utils': 5.2.5
      '@multiformats/mafmt': 12.1.6
      '@multiformats/multiaddr': 12.1.14
      '@multiformats/multiaddr-to-uri': 10.0.1
      '@types/ws': 8.5.10
      it-ws: 6.1.1
      p-defer: 4.0.0
      wherearewe: 2.0.1
      ws: 8.16.0
    transitivePeerDependencies:
      - bufferutil
      - supports-color
      - utf-8-validate
    dev: false

  /@multiformats/mafmt@12.1.6:
    resolution: {integrity: sha512-tlJRfL21X+AKn9b5i5VnaTD6bNttpSpcqwKVmDmSHLwxoz97fAHaepqFOk/l1fIu94nImIXneNbhsJx/RQNIww==}
    dependencies:
      '@multiformats/multiaddr': 12.1.14
    transitivePeerDependencies:
      - supports-color
    dev: false

  /@multiformats/multiaddr-matcher@1.1.2:
    resolution: {integrity: sha512-O7hO+TYsweMjNCqTYKYn8iki2GXA46mxmgqnsOb2Wpr6ca4dRGnPldWTai2WwTeZpQyRJ/7GE+N9zPTfP0xE+Q==}
    dependencies:
      '@chainsafe/is-ip': 2.0.2
      '@multiformats/multiaddr': 12.1.14
      multiformats: 13.1.0
    transitivePeerDependencies:
      - supports-color
    dev: false

  /@multiformats/multiaddr-to-uri@10.0.1:
    resolution: {integrity: sha512-RtOBRJucMCzINPytvt1y7tJ2jr4aSKJmv3DF7/C515RJO9+nu9sZHdsk9vn251OtN8k21rAGlIHESt/BSJWAnQ==}
    dependencies:
      '@multiformats/multiaddr': 12.1.14
    transitivePeerDependencies:
      - supports-color
    dev: false

  /@multiformats/multiaddr@12.1.14:
    resolution: {integrity: sha512-1C0Mo73chzu7pTzTquuKs5vUtw70jhqg1i6pUNznGb0WV6RFa6vyB+D697Os5+cLx+DiItrAY6VzMtlGQsMzYg==}
    dependencies:
      '@chainsafe/is-ip': 2.0.2
      '@chainsafe/netmask': 2.0.0
      '@libp2p/interface': 1.1.3
      dns-over-http-resolver: 3.0.2
      multiformats: 13.1.0
      uint8-varint: 2.0.4
      uint8arrays: 5.0.2
    transitivePeerDependencies:
      - supports-color
    dev: false

  /@noble/ciphers@0.4.1:
    resolution: {integrity: sha512-QCOA9cgf3Rc33owG0AYBB9wszz+Ul2kramWN8tXG44Gyciud/tbkEqvxRF/IpqQaBpRBNi9f4jdNxqB2CQCIXg==}
    dev: false

  /@noble/curves@1.3.0:
    resolution: {integrity: sha512-t01iSXPuN+Eqzb4eBX0S5oubSqXbK/xXa1Ne18Hj8f9pStxztHCE2gfboSp/dZRLSqfuLpRK2nDXDK+W9puocA==}
    dependencies:
      '@noble/hashes': 1.3.3
    dev: false

  /@noble/hashes@1.3.3:
    resolution: {integrity: sha512-V7/fPHgl+jsVPXqqeOzT8egNj2iBIVt+ECeMMG8TdcnTikP3oaBtUVqpT/gYCR68aEBJSF+XbYUxStjbFMqIIA==}
    engines: {node: '>= 16'}
    dev: false

  /@types/node@20.11.19:
    resolution: {integrity: sha512-7xMnVEcZFu0DikYjWOlRq7NTPETrm7teqUT2WkQjrTIkEgUyyGdWsj/Zg8bEJt5TNklzbPD1X3fqfsHw3SpapQ==}
    dependencies:
      undici-types: 5.26.5
    dev: false

  /@types/retry@0.12.2:
    resolution: {integrity: sha512-XISRgDJ2Tc5q4TRqvgJtzsRkFYNJzZrhTdtMoGVBttwzzQJkPnS3WWTFc7kuDRoPtPakl+T+OfdEUjYJj7Jbow==}
    dev: false

  /@types/ws@8.5.10:
    resolution: {integrity: sha512-vmQSUcfalpIq0R9q7uTo2lXs6eGIpt9wtnLdMv9LVpIjCA/+ufZRozlVoVelIYixx1ugCBKDhn89vnsEGOCx9A==}
    dependencies:
      '@types/node': 20.11.19
    dev: false

  /any-signal@4.1.1:
    resolution: {integrity: sha512-iADenERppdC+A2YKbOXXB2WUeABLaM6qnpZ70kZbPZ1cZMMJ7eF+3CaYm+/PhBizgkzlvssC7QuHS30oOiQYWA==}
    engines: {node: '>=16.0.0', npm: '>=7.0.0'}
    dev: false

  /asn1js@3.0.5:
    resolution: {integrity: sha512-FVnvrKJwpt9LP2lAMl8qZswRNm3T4q9CON+bxldk2iwk3FFpuwhx2FfinyitizWHsVYyaY+y5JzDR0rCMV5yTQ==}
    engines: {node: '>=12.0.0'}
    dependencies:
      pvtsutils: 1.3.5
      pvutils: 1.1.3
      tslib: 2.6.2
    dev: false

  /datastore-core@9.2.8:
    resolution: {integrity: sha512-+S3rI6FSQphrGQZraYcCLeaVzCpDkNBYBk9a8QU8Kt+7xPAphNVA6a37kc6K9CQBppVOOmRaPBKU19fhHJLszg==}
    dependencies:
      '@libp2p/logger': 4.0.6
      err-code: 3.0.1
      interface-datastore: 8.2.11
      interface-store: 5.1.8
      it-drain: 3.0.5
      it-filter: 3.0.4
      it-map: 3.0.5
      it-merge: 3.0.3
      it-pipe: 3.0.1
      it-pushable: 3.2.3
      it-sort: 3.0.4
      it-take: 3.0.4
    transitivePeerDependencies:
      - supports-color
    dev: false

  /debug@4.3.4:
    resolution: {integrity: sha512-PRWFHuSU3eDtQJPvnNY7Jcket1j0t5OuOsFzPPzsekD52Zl8qUfFIPEiswXqIvHWGVHOgX+7G/vCNNhehwxfkQ==}
    engines: {node: '>=6.0'}
    peerDependencies:
      supports-color: '*'
    peerDependenciesMeta:
      supports-color:
        optional: true
    dependencies:
      ms: 2.1.2
    dev: false

  /delay@6.0.0:
    resolution: {integrity: sha512-2NJozoOHQ4NuZuVIr5CWd0iiLVIRSDepakaovIN+9eIDHEhdCAEvSy2cuf1DCrPPQLvHmbqTHODlhHg8UCy4zw==}
    engines: {node: '>=16'}
    dev: false

  /dns-over-http-resolver@3.0.2:
    resolution: {integrity: sha512-5batkHOjCkuAfrFa+IPmt3jyeZqLtSMfAo1HQp3hfwtzgUwHooecTFplnYC093u5oRNL4CQHCXh3OfER7+vWrA==}
    dependencies:
      debug: 4.3.4
      receptacle: 1.3.2
    transitivePeerDependencies:
      - supports-color
    dev: false

  /err-code@3.0.1:
    resolution: {integrity: sha512-GiaH0KJUewYok+eeY05IIgjtAe4Yltygk9Wqp1V5yVWLdhf0hYZchRjNIT9bb0mSwRcIusT3cx7PJUf3zEIfUA==}
    dev: false

  /event-iterator@2.0.0:
    resolution: {integrity: sha512-KGft0ldl31BZVV//jj+IAIGCxkvvUkkON+ScH6zfoX+l+omX6001ggyRSpI0Io2Hlro0ThXotswCtfzS8UkIiQ==}
    dev: false

  /eventemitter3@5.0.1:
    resolution: {integrity: sha512-GWkBvjiSZK87ELrYOSESUYeVIc9mvLLf/nXalMOS5dYrgZq9o5OVkbZAVM06CVxYsCwH9BDZFPlQTlPA1j4ahA==}
    dev: false

  /get-iterator@2.0.1:
    resolution: {integrity: sha512-7HuY/hebu4gryTDT7O/XY/fvY9wRByEGdK6QOa4of8npTcv0+NS6frFKABcf6S9EBAsveTuKTsZQQBFMMNILIg==}
    dev: false

  /interface-datastore@8.2.11:
    resolution: {integrity: sha512-9E0iXehfp/j0UbZ2mvlYB4K9pP7uQBCppfuy8WHs1EHF6wLQrM9+zwyX+8Qt6HnH4GKZRyXX/CNXm6oD4+QYgA==}
    dependencies:
      interface-store: 5.1.8
      uint8arrays: 5.0.2
    dev: false

  /interface-store@5.1.8:
    resolution: {integrity: sha512-7na81Uxkl0vqk0CBPO5PvyTkdaJBaezwUJGsMOz7riPOq0rJt+7W31iaopaMICWea/iykUsvNlPx/Tc+MxC3/w==}
    dev: false

  /is-electron@2.2.2:
    resolution: {integrity: sha512-FO/Rhvz5tuw4MCWkpMzHFKWD2LsfHzIb7i6MdPYZ/KW7AlxawyLkqdy+jPZP1WubqEADE3O4FUENlJHDfQASRg==}
    dev: false

  /is-loopback-addr@2.0.2:
    resolution: {integrity: sha512-26POf2KRCno/KTNL5Q0b/9TYnL00xEsSaLfiFRmjM7m7Lw7ZMmFybzzuX4CcsLAluZGd+niLUiMRxEooVE3aqg==}
    dev: false

  /is-network-error@1.0.1:
    resolution: {integrity: sha512-OwQXkwBJeESyhFw+OumbJVD58BFBJJI5OM5S1+eyrDKlgDZPX2XNT5gXS56GSD3NPbbwUuMlR1Q71SRp5SobuQ==}
    engines: {node: '>=16'}
    dev: false

  /is-plain-obj@2.1.0:
    resolution: {integrity: sha512-YWnfyRwxL/+SsrWYfOpUtz5b3YD+nyfkHvjbcanzk8zgyO4ASD67uVMRt8k5bM4lLMDnXfriRhOpemw+NfT1eA==}
    engines: {node: '>=8'}
    dev: false

  /it-all@3.0.4:
    resolution: {integrity: sha512-UMiy0i9DqCHBdWvMbzdYvVGa5/w4t1cc4nchpbnjdLhklglv8mQeEYnii0gvKESJuL1zV32Cqdb33R6/GPfxpQ==}
    dev: false

  /it-byte-stream@1.0.8:
    resolution: {integrity: sha512-H32LbN6kdX8HXqH68z5uivfkVYJEi5tIPRwIQNR5Qsx3uoDRhYdBRHzf3NOVAf6vqulFUSQLuU+Y0rs/QeWn3A==}
    dependencies:
      it-stream-types: 2.0.1
      p-defer: 4.0.0
      race-signal: 1.0.2
      uint8arraylist: 2.4.8
    dev: false

  /it-drain@3.0.5:
    resolution: {integrity: sha512-qYFe4SWdvs9oJGUY5bSjvmiLUMLzFEODNOQUdYdCIkuIgQF+AUB2INhM4yQ09buJ2rhHKDFxvTD/+yUq6qg0XA==}
    dev: false

  /it-filter@3.0.4:
    resolution: {integrity: sha512-e0sz+st4sudK/zH6GZ/gRTRP8A/ADuJFCYDmRgMbZvR79y5+v4ZXav850bBZk5wL9zXaYZFxS1v/6Qi+Vjwh5g==}
    dependencies:
      it-peekable: 3.0.3
    dev: false

  /it-foreach@2.0.6:
    resolution: {integrity: sha512-OVosBHJsdXpAyeFlCbe3IGZia+65UykyAznakNsKXK+b99dbhuu/mOnXxTadDEo1GWhKx+WA8RNanKkMf07zQw==}
    dependencies:
      it-peekable: 3.0.3
    dev: false

  /it-length-prefixed-stream@1.1.6:
    resolution: {integrity: sha512-MEby4r8n3XIYXjaWT3DweCuhBPQmFVT8RdI1BNjYQ5gelbFD3NLdjYpTI3TVmSEs/aJfgpfVFZzy6iP7OCxIgw==}
    dependencies:
      it-byte-stream: 1.0.8
      it-stream-types: 2.0.1
      uint8-varint: 2.0.4
      uint8arraylist: 2.4.8
    dev: false

  /it-length-prefixed@9.0.4:
    resolution: {integrity: sha512-lz28fykbG0jq7s5XtvlzGxO5BeSOw6ikymkRllxjL21V5VKLcvB4pHr9wPvEnsAJ2et1xpOk3BRTMq9XrhgKsg==}
    engines: {node: '>=16.0.0', npm: '>=7.0.0'}
    dependencies:
      err-code: 3.0.1
      it-reader: 6.0.4
      it-stream-types: 2.0.1
      uint8-varint: 2.0.4
      uint8arraylist: 2.4.8
      uint8arrays: 5.0.2
    dev: false

  /it-map@3.0.5:
    resolution: {integrity: sha512-hB0TDXo/h4KSJJDSRLgAPmDroiXP6Fx1ck4Bzl3US9hHfZweTKsuiP0y4gXuTMcJlS6vj0bb+f70rhkD47ZA3w==}
    dependencies:
      it-peekable: 3.0.3
    dev: false

  /it-merge@3.0.3:
    resolution: {integrity: sha512-FYVU15KC5pb/GQX1Ims+lee8d4pdqGVCpWr0lkNj8o4xuNo7jY71k6GuEiWdP+T7W1bJqewSxX5yoTy5yZpRVA==}
    dependencies:
      it-pushable: 3.2.3
    dev: false

  /it-pair@2.0.6:
    resolution: {integrity: sha512-5M0t5RAcYEQYNG5BV7d7cqbdwbCAp5yLdzvkxsZmkuZsLbTdZzah6MQySYfaAQjNDCq6PUnDt0hqBZ4NwMfW6g==}
    engines: {node: '>=16.0.0', npm: '>=7.0.0'}
    dependencies:
      it-stream-types: 2.0.1
      p-defer: 4.0.0
    dev: false

  /it-parallel@3.0.6:
    resolution: {integrity: sha512-i7UM7I9LTkDJw3YIqXHFAPZX6CWYzGc+X3irdNrVExI4vPazrJdI7t5OqrSVN8CONXLAunCiqaSV/zZRbQR56A==}
    dependencies:
      p-defer: 4.0.0
    dev: false

  /it-peekable@3.0.3:
    resolution: {integrity: sha512-Wx21JX/rMzTEl9flx3DGHuPV1KQFGOl8uoKfQtmZHgPQtGb89eQ6RyVd82h3HuP9Ghpt0WgBDlmmdWeHXqyx7w==}
    dev: false

  /it-pipe@3.0.1:
    resolution: {integrity: sha512-sIoNrQl1qSRg2seYSBH/3QxWhJFn9PKYvOf/bHdtCBF0bnghey44VyASsWzn5dAx0DCDDABq1hZIuzKmtBZmKA==}
    engines: {node: '>=16.0.0', npm: '>=7.0.0'}
    dependencies:
      it-merge: 3.0.3
      it-pushable: 3.2.3
      it-stream-types: 2.0.1
    dev: false

  /it-protobuf-stream@1.1.2:
    resolution: {integrity: sha512-epZBuG+7cPaTxCR/Lf3ApshBdA9qfflGPQLfLLrp9VQ0w67Z2xo4H+SLLetav57/29oPtAXwVaoyemg99JOWzA==}
    dependencies:
      it-length-prefixed-stream: 1.1.6
      it-stream-types: 2.0.1
      protons-runtime: 5.4.0
      uint8arraylist: 2.4.8
    dev: false

  /it-pushable@3.2.3:
    resolution: {integrity: sha512-gzYnXYK8Y5t5b/BnJUr7glfQLO4U5vyb05gPx/TyTw+4Bv1zM9gFk4YsOrnulWefMewlphCjKkakFvj1y99Tcg==}
    dependencies:
      p-defer: 4.0.0
    dev: false

  /it-reader@6.0.4:
    resolution: {integrity: sha512-XCWifEcNFFjjBHtor4Sfaj8rcpt+FkY0L6WdhD578SCDhV4VUm7fCkF3dv5a+fTcfQqvN9BsxBTvWbYO6iCjTg==}
    engines: {node: '>=16.0.0', npm: '>=7.0.0'}
    dependencies:
      it-stream-types: 2.0.1
      uint8arraylist: 2.4.8
    dev: false

  /it-sort@3.0.4:
    resolution: {integrity: sha512-tvnC93JZZWjX4UxALy0asow0dzXabkoaRbrPJKClTKhNCqw4gzHr+H5axf1gohcthedRRkqd/ae+wl7WqoxFhw==}
    dependencies:
      it-all: 3.0.4
    dev: false

  /it-stream-types@2.0.1:
    resolution: {integrity: sha512-6DmOs5r7ERDbvS4q8yLKENcj6Yecr7QQTqWApbZdfAUTEC947d+PEha7PCqhm//9oxaLYL7TWRekwhoXl2s6fg==}
    engines: {node: '>=16.0.0', npm: '>=7.0.0'}
    dev: false

  /it-take@3.0.4:
    resolution: {integrity: sha512-RG8HDjAZlvkzz5Nav4xq6gK5zNT+Ff1UTIf+CrSJW8nIl6N1FpBH5e7clUshiCn+MmmMoSdIEpw4UaTolszxhA==}
    dev: false

  /it-ws@6.1.1:
    resolution: {integrity: sha512-oyk4eCeZto2lzWDnJOa3j1S2M+VOGKUh8isEf94ySoaL6IFlyie0T4P9E0ZUaIvX8LyJxYFHFKCt8Zk7Sm/XPQ==}
    engines: {node: '>=16.0.0', npm: '>=7.0.0'}
    dependencies:
      '@types/ws': 8.5.10
      event-iterator: 2.0.0
      it-stream-types: 2.0.1
      uint8arrays: 5.0.2
      ws: 8.16.0
    transitivePeerDependencies:
      - bufferutil
      - utf-8-validate
    dev: false

  /libp2p@1.2.3:
    resolution: {integrity: sha512-eBPPliHno1pmMWfi+YR40YKc+XBvhiC3G583xy0dTCG3X+a+r8DpSEyd72dwPvyohY4k58MDcdi6zwjTRHnTIw==}
    dependencies:
      '@libp2p/crypto': 4.0.2
      '@libp2p/interface': 1.1.3
      '@libp2p/interface-internal': 1.0.8
      '@libp2p/logger': 4.0.6
      '@libp2p/multistream-select': 5.1.3
      '@libp2p/peer-collections': 5.1.6
      '@libp2p/peer-id': 4.0.6
      '@libp2p/peer-id-factory': 4.0.6
      '@libp2p/peer-store': 10.0.10
      '@libp2p/utils': 5.2.5
      '@multiformats/multiaddr': 12.1.14
      any-signal: 4.1.1
      datastore-core: 9.2.8
      interface-datastore: 8.2.11
      it-merge: 3.0.3
      it-parallel: 3.0.6
      merge-options: 3.0.4
      multiformats: 13.1.0
      uint8arrays: 5.0.2
    transitivePeerDependencies:
      - supports-color
    dev: false

  /merge-options@3.0.4:
    resolution: {integrity: sha512-2Sug1+knBjkaMsMgf1ctR1Ujx+Ayku4EdJN4Z+C2+JzoeF7A3OZ9KM2GY0CpQS51NR61LTurMJrRKPhSs3ZRTQ==}
    engines: {node: '>=10'}
    dependencies:
      is-plain-obj: 2.1.0
    dev: false

  /mortice@3.0.4:
    resolution: {integrity: sha512-MUHRCAztSl4v/dAmK8vbYi5u1n9NZtQu4H3FsqS7qgMFQIAFw9lTpHiErd9kJpapqmvEdD1L3dUmiikifAvLsQ==}
    dependencies:
      observable-webworkers: 2.0.1
      p-queue: 8.0.1
      p-timeout: 6.1.2
    dev: false

  /ms@2.1.2:
    resolution: {integrity: sha512-sGkPx+VjMtmA6MX27oA4FBFELFCZZ4S4XqeGOXCv68tT+jb3vk/RyaKWP0PTKyWtmLSM0b+adUTEvbs1PEaH2w==}
    dev: false

  /ms@2.1.3:
    resolution: {integrity: sha512-6FlzubTLZG3J2a/NVCAleEhjzq5oxgHyaCU9yYXvcLsvoVaHJq/s5xXI6/XXP6tz7R9xAOtHnSO/tXtF3WRTlA==}
    dev: false

  /multiformats@13.1.0:
    resolution: {integrity: sha512-HzdtdBwxsIkzpeXzhQ5mAhhuxcHbjEHH+JQoxt7hG/2HGFjjwyolLo7hbaexcnhoEuV4e0TNJ8kkpMjiEYY4VQ==}
    dev: false

  /netmask@2.0.2:
    resolution: {integrity: sha512-dBpDMdxv9Irdq66304OLfEmQ9tbNRFnFTuZiLo+bD+r332bBmMJ8GBLXklIXXgxd3+v9+KUnZaUR5PJMa75Gsg==}
    engines: {node: '>= 0.4.0'}
    dev: false

  /observable-webworkers@2.0.1:
    resolution: {integrity: sha512-JI1vB0u3pZjoQKOK1ROWzp0ygxSi7Yb0iR+7UNsw4/Zn4cQ0P3R7XL38zac/Dy2tEA7Lg88/wIJTjF8vYXZ0uw==}
    engines: {node: '>=16.0.0', npm: '>=7.0.0'}
    dev: false

  /p-defer@4.0.0:
    resolution: {integrity: sha512-Vb3QRvQ0Y5XnF40ZUWW7JfLogicVh/EnA5gBIvKDJoYpeI82+1E3AlB9yOcKFS0AhHrWVnAQO39fbR0G99IVEQ==}
    engines: {node: '>=12'}
    dev: false

  /p-queue@8.0.1:
    resolution: {integrity: sha512-NXzu9aQJTAzbBqOt2hwsR63ea7yvxJc0PwN/zobNAudYfb1B7R08SzB4TsLeSbUCuG467NhnoT0oO6w1qRO+BA==}
    engines: {node: '>=18'}
    dependencies:
      eventemitter3: 5.0.1
      p-timeout: 6.1.2
    dev: false

  /p-retry@6.2.0:
    resolution: {integrity: sha512-JA6nkq6hKyWLLasXQXUrO4z8BUZGUt/LjlJxx8Gb2+2ntodU/SS63YZ8b0LUTbQ8ZB9iwOfhEPhg4ykKnn2KsA==}
    engines: {node: '>=16.17'}
    dependencies:
      '@types/retry': 0.12.2
      is-network-error: 1.0.1
      retry: 0.13.1
    dev: false

  /p-timeout@6.1.2:
    resolution: {integrity: sha512-UbD77BuZ9Bc9aABo74gfXhNvzC9Tx7SxtHSh1fxvx3jTLLYvmVhiQZZrJzqqU0jKbN32kb5VOKiLEQI/3bIjgQ==}
    engines: {node: '>=14.16'}
    dev: false

  /progress-events@1.0.0:
    resolution: {integrity: sha512-zIB6QDrSbPfRg+33FZalluFIowkbV5Xh1xSuetjG+rlC5he6u2dc6VQJ0TbMdlN3R1RHdpOqxEFMKTnQ+itUwA==}
    engines: {node: '>=16.0.0', npm: '>=7.0.0'}
    dev: false

  /protons-runtime@5.4.0:
    resolution: {integrity: sha512-XfA++W/WlQOSyjUyuF5lgYBfXZUEMP01Oh1C2dSwZAlF2e/ZrMRPfWonXj6BGM+o8Xciv7w0tsRMKYwYEuQvaw==}
    dependencies:
      uint8-varint: 2.0.4
      uint8arraylist: 2.4.8
      uint8arrays: 5.0.2
    dev: false

  /pvtsutils@1.3.5:
    resolution: {integrity: sha512-ARvb14YB9Nm2Xi6nBq1ZX6dAM0FsJnuk+31aUp4TrcZEdKUlSqOqsxJHUPJDNE3qiIp+iUPEIeR6Je/tgV7zsA==}
    dependencies:
      tslib: 2.6.2
    dev: false

  /pvutils@1.1.3:
    resolution: {integrity: sha512-pMpnA0qRdFp32b1sJl1wOJNxZLQ2cbQx+k6tjNtZ8CpvVhNqEPRgivZ2WOUev2YMajecdH7ctUPDvEe87nariQ==}
    engines: {node: '>=6.0.0'}
    dev: false

  /race-event@1.2.0:
    resolution: {integrity: sha512-7EvAjTu9uuKa03Jky8yfSy6/SnnMTh6nouNmdeWv9b0dT8eDZC5ylx30cOR9YO9otQorVjjkIuSHQ5Ml/bKwMw==}
    dev: false

  /race-signal@1.0.2:
    resolution: {integrity: sha512-o3xNv0iTcIDQCXFlF6fPAMEBRjFxssgGoRqLbg06m+AdzEXXLUmoNOoUHTVz2NoBI8hHwKFKoC6IqyNtWr2bww==}
    dev: false

  /receptacle@1.3.2:
    resolution: {integrity: sha512-HrsFvqZZheusncQRiEE7GatOAETrARKV/lnfYicIm8lbvp/JQOdADOfhjBd2DajvoszEyxSM6RlAAIZgEoeu/A==}
    dependencies:
      ms: 2.1.3
    dev: false

  /retry@0.13.1:
    resolution: {integrity: sha512-XQBQ3I8W1Cge0Seh+6gjj03LbmRFWuoszgK9ooCpwYIrhhoO80pfq4cUkU5DkknwfOfFteRwlZ56PYOGYyFWdg==}
    engines: {node: '>= 4'}
    dev: false

  /tslib@2.6.2:
    resolution: {integrity: sha512-AEYxH93jGFPn/a2iVAwW87VuUIkR1FVUKB77NwMF7nBTDkDrrT/Hpt/IrCJ0QXhW27jTBDcf5ZY7w6RiqTMw2Q==}
    dev: false

  /uint8-varint@2.0.4:
    resolution: {integrity: sha512-FwpTa7ZGA/f/EssWAb5/YV6pHgVF1fViKdW8cWaEarjB8t7NyofSWBdOTyFPaGuUG4gx3v1O3PQ8etsiOs3lcw==}
    dependencies:
      uint8arraylist: 2.4.8
      uint8arrays: 5.0.2
    dev: false

  /uint8arraylist@2.4.8:
    resolution: {integrity: sha512-vc1PlGOzglLF0eae1M8mLRTBivsvrGsdmJ5RbK3e+QRvRLOZfZhQROTwH/OfyF3+ZVUg9/8hE8bmKP2CvP9quQ==}
    dependencies:
      uint8arrays: 5.0.2
    dev: false

  /uint8arrays@5.0.2:
    resolution: {integrity: sha512-S0GaeR+orZt7LaqzTRs4ZP8QqzAauJ+0d4xvP2lJTA99jIkKsE2FgDs4tGF/K/z5O9I/2W5Yvrh7IuqNeYH+0Q==}
    dependencies:
      multiformats: 13.1.0
    dev: false

  /undici-types@5.26.5:
    resolution: {integrity: sha512-JlCMO+ehdEIKqlFxk6IfVoAUVmgz7cU7zD/h9XZ0qzeosSHmUJVOzSQvvYSYWXkFXC+IfLKSIffhv0sVZup6pA==}
    dev: false

  /wherearewe@2.0.1:
    resolution: {integrity: sha512-XUguZbDxCA2wBn2LoFtcEhXL6AXo+hVjGonwhSTTTU9SzbWG8Xu3onNIpzf9j/mYUcJQ0f+m37SzG77G851uFw==}
    engines: {node: '>=16.0.0', npm: '>=7.0.0'}
    dependencies:
      is-electron: 2.2.2
    dev: false

  /ws@8.16.0:
    resolution: {integrity: sha512-HS0c//TP7Ina87TfiPUz1rQzMhHrl/SG2guqRcTOIUYD2q8uhUdNHZYJUaQ8aTGPzCh+c6oawMKW35nFl1dxyQ==}
    engines: {node: '>=10.0.0'}
    peerDependencies:
      bufferutil: ^4.0.1
      utf-8-validate: '>=5.0.2'
    peerDependenciesMeta:
      bufferutil:
        optional: true
      utf-8-validate:
        optional: true
    dev: false
